
Microsoft Visual Studio Solution File, Format Version 12.00
# Visual Studio Version 17
VisualStudioVersion = 17.10.34916.146
MinimumVisualStudioVersion = 10.0.40219.1
Project("{9A19103F-16F7-4668-BE54-9A1E7A4F7556}") = "KoiShip_DB.Data", "KoiShip_DB\KoiShip_DB.Data.csproj", "{1CDC2807-8AF0-4B10-BD08-4994FE239973}"
EndProject
Project("{9A19103F-16F7-4668-BE54-9A1E7A4F7556}") = "KoiShip.Service", "KoiShip\KoiShip.Service.csproj", "{C5BD0E92-C2B9-4189-B534-2DCD5C53540F}"
EndProject
Project("{9A19103F-16F7-4668-BE54-9A1E7A4F7556}") = "KoiShip.Common", "KoiShip.Common\KoiShip.Common.csproj", "{448D4AED-BDD1-4CF5-B0E1-DCD393802715}"
EndProject
Project("{9A19103F-16F7-4668-BE54-9A1E7A4F7556}") = "KoiShip.API", "KoiShip.API\KoiShip.API.csproj", "{F9408363-6023-4221-9825-11D12EDD9453}"
EndProject
Project("{FAE04EC0-301F-11D3-BF4B-00C04F79EFBC}") = "KoiShip.MVCWebApp", "KoiShip.MVCWebApp\KoiShip.MVCWebApp.csproj", "{038AAABE-67A9-4B20-8FEC-80E031DADEAB}"
EndProject
Global
	GlobalSection(SolutionConfigurationPlatforms) = preSolution
		Debug|Any CPU = Debug|Any CPU
		Release|Any CPU = Release|Any CPU
	EndGlobalSection
	GlobalSection(ProjectConfigurationPlatforms) = postSolution
		{1CDC2807-8AF0-4B10-BD08-4994FE239973}.Debug|Any CPU.ActiveCfg = Debug|Any CPU
		{1CDC2807-8AF0-4B10-BD08-4994FE239973}.Debug|Any CPU.Build.0 = Debug|Any CPU
		{1CDC2807-8AF0-4B10-BD08-4994FE239973}.Release|Any CPU.ActiveCfg = Release|Any CPU
		{1CDC2807-8AF0-4B10-BD08-4994FE239973}.Release|Any CPU.Build.0 = Release|Any CPU
		{C5BD0E92-C2B9-4189-B534-2DCD5C53540F}.Debug|Any CPU.ActiveCfg = Debug|Any CPU
		{C5BD0E92-C2B9-4189-B534-2DCD5C53540F}.Debug|Any CPU.Build.0 = Debug|Any CPU
		{C5BD0E92-C2B9-4189-B534-2DCD5C53540F}.Release|Any CPU.ActiveCfg = Release|Any CPU
		{C5BD0E92-C2B9-4189-B534-2DCD5C53540F}.Release|Any CPU.Build.0 = Release|Any CPU
		{448D4AED-BDD1-4CF5-B0E1-DCD393802715}.Debug|Any CPU.ActiveCfg = Debug|Any CPU
		{448D4AED-BDD1-4CF5-B0E1-DCD393802715}.Debug|Any CPU.Build.0 = Debug|Any CPU
		{448D4AED-BDD1-4CF5-B0E1-DCD393802715}.Release|Any CPU.ActiveCfg = Release|Any CPU
		{448D4AED-BDD1-4CF5-B0E1-DCD393802715}.Release|Any CPU.Build.0 = Release|Any CPU
		{F9408363-6023-4221-9825-11D12EDD9453}.Debug|Any CPU.ActiveCfg = Debug|Any CPU
		{F9408363-6023-4221-9825-11D12EDD9453}.Debug|Any CPU.Build.0 = Debug|Any CPU
		{F9408363-6023-4221-9825-11D12EDD9453}.Release|Any CPU.ActiveCfg = Release|Any CPU
		{F9408363-6023-4221-9825-11D12EDD9453}.Release|Any CPU.Build.0 = Release|Any CPU
		{038AAABE-67A9-4B20-8FEC-80E031DADEAB}.Debug|Any CPU.ActiveCfg = Debug|Any CPU
		{038AAABE-67A9-4B20-8FEC-80E031DADEAB}.Debug|Any CPU.Build.0 = Debug|Any CPU
		{038AAABE-67A9-4B20-8FEC-80E031DADEAB}.Release|Any CPU.ActiveCfg = Release|Any CPU
		{038AAABE-67A9-4B20-8FEC-80E031DADEAB}.Release|Any CPU.Build.0 = Release|Any CPU
	EndGlobalSection
	GlobalSection(SolutionProperties) = preSolution
		HideSolutionNode = FALSE
	EndGlobalSection
	GlobalSection(ExtensibilityGlobals) = postSolution
		SolutionGuid = {AC36BB21-1D79-4851-9B09-EA42F5641D39}
	EndGlobalSection
EndGlobal
